
Microsoft Visual Studio Solution File, Format Version 12.00
# Visual Studio 15
VisualStudioVersion = 15.0.28010.2050
MinimumVisualStudioVersion = 10.0.40219.1
Project("{2150E333-8FDC-42A3-9474-1A3956D46DE8}") = ".NET Core", ".NET Core", "{B1F54754-0382-46B7-B01A-2FE79A5E048B}"
EndProject
Project("{9A19103F-16F7-4668-BE54-9A1E7A4F7556}") = "JwtAuthSample", "JwtAuthSample\JwtAuthSample.csproj", "{929163E3-998D-49A2-AB53-4AD5F72A63E3}"
EndProject
Project("{2150E333-8FDC-42A3-9474-1A3956D46DE8}") = "Authentication", "Authentication", "{125C9916-0C07-423B-B9B2-5640F0AF3905}"
EndProject
Project("{2150E333-8FDC-42A3-9474-1A3956D46DE8}") = "Authorization", "Authorization", "{78FA6248-BCCA-45DF-8F42-92EA63E0B775}"
EndProject
Project("{9A19103F-16F7-4668-BE54-9A1E7A4F7556}") = "IdentitySample", "IdentitySample\IdentitySample.csproj", "{E0E159D8-2973-4878-B801-24A1E51B0406}"
EndProject
Project("{2150E333-8FDC-42A3-9474-1A3956D46DE8}") = ".NET EntityFramework", ".NET EntityFramework", "{C97B52DD-F476-4B53-BBD9-BF870543036D}"
EndProject
Project("{9A19103F-16F7-4668-BE54-9A1E7A4F7556}") = "RoleBasedAuthorization", "RoleBasedAuthorization\RoleBasedAuthorization.csproj", "{7118BF99-2F12-4467-A331-20ECE3EE8117}"
EndProject
Project("{9A19103F-16F7-4668-BE54-9A1E7A4F7556}") = "CookieAuthSample", "CookieAuthSample\CookieAuthSample.csproj", "{B956C47C-47D4-411E-8D6F-585E84A7C103}"
EndProject
Project("{9A19103F-16F7-4668-BE54-9A1E7A4F7556}") = "PolicyBasedAuthorization", "PolicyBasedAuthorization\PolicyBasedAuthorization.csproj", "{78DA796A-7537-4EDB-9D80-593631AA19CF}"
EndProject
Project("{2150E333-8FDC-42A3-9474-1A3956D46DE8}") = "IdentityServer4", "IdentityServer4", "{311B1EA8-5E72-433A-8F2E-07A9AD4C365A}"
EndProject
Project("{2150E333-8FDC-42A3-9474-1A3956D46DE8}") = "Autofac", "Autofac", "{CA35F2B9-55AF-4878-976A-029B1EE3F7AF}"
EndProject
Project("{FAE04EC0-301F-11D3-BF4B-00C04F79EFBC}") = "AutoFac.Mvc.Demo", "AutoFac.Mvc.Demo\AutoFac.Mvc.Demo.csproj", "{808D30F6-79CD-4AFE-A338-0307237436C8}"
EndProject
Project("{FAE04EC0-301F-11D3-BF4B-00C04F79EFBC}") = "AutoFac.Mvc.Interface", "AutoFac.Mvc.Interface\AutoFac.Mvc.Interface.csproj", "{AA26F9FD-F0BD-4A97-9F90-E7A0F14B198A}"
EndProject
Project("{FAE04EC0-301F-11D3-BF4B-00C04F79EFBC}") = "AutoFac.Mvc.Service", "AutoFac.Mvc.Service\AutoFac.Mvc.Service.csproj", "{4B8464A2-4066-477F-82E5-B3C5E923E377}"
EndProject
Project("{2150E333-8FDC-42A3-9474-1A3956D46DE8}") = "MvcApp", "MvcApp", "{C5F992A3-C302-48D6-8B2C-0DF5B4420AC1}"
EndProject
Project("{2150E333-8FDC-42A3-9474-1A3956D46DE8}") = "ConsoleApp", "ConsoleApp", "{DF4C691C-EAB5-4095-BFFD-BDADD1092DDD}"
EndProject
Project("{FAE04EC0-301F-11D3-BF4B-00C04F79EFBC}") = "AutoFacDemo", "AutoFacDemo\AutoFacDemo.csproj", "{6C64E872-78AC-4F2F-9D3F-F9C50D75C1DB}"
EndProject
Project("{FAE04EC0-301F-11D3-BF4B-00C04F79EFBC}") = "AutoMapperDemo", "AutoMapperDemo\AutoMapperDemo.csproj", "{F1AB79DC-2A8C-4157-9174-3D15D69B6179}"
EndProject
Project("{2150E333-8FDC-42A3-9474-1A3956D46DE8}") = "FluentApi", "FluentApi", "{01AA1C7D-9973-4D56-8A6A-D44A27AC2B27}"
EndProject
Project("{2150E333-8FDC-42A3-9474-1A3956D46DE8}") = "Log4Net", "Log4Net", "{2DDA0C19-E3D1-4D92-8C4F-C7228E06DF7E}"
EndProject
Project("{2150E333-8FDC-42A3-9474-1A3956D46DE8}") = "Quartz.Net", "Quartz.Net", "{96441740-D333-42DC-A4A1-2E2DB976BCD5}"
EndProject
Project("{FAE04EC0-301F-11D3-BF4B-00C04F79EFBC}") = "FluentApiDemo", "FluentApiDemo\FluentApiDemo.csproj", "{8F457591-D9D0-4170-8D11-5A565F6242A4}"
EndProject
Project("{FAE04EC0-301F-11D3-BF4B-00C04F79EFBC}") = "Log4NetDemo", "Log4NetDemo\Log4NetDemo.csproj", "{9419E388-0A05-4575-AA9D-207213A7862A}"
EndProject
Project("{FAE04EC0-301F-11D3-BF4B-00C04F79EFBC}") = "QuartzDemo", "QuartzDemo\QuartzDemo.csproj", "{96811234-F787-425E-9C93-09B5CBB8C589}"
EndProject
Project("{2150E333-8FDC-42A3-9474-1A3956D46DE8}") = "FrameworkExpose", "FrameworkExpose", "{AD0DEA35-38DB-42EA-9B5F-61358254F432}"
EndProject
Project("{9A19103F-16F7-4668-BE54-9A1E7A4F7556}") = "Configuration", "Configuration\Configuration.csproj", "{370138F9-B61D-4FD1-9EF4-3E2061F10DFA}"
EndProject
Project("{9A19103F-16F7-4668-BE54-9A1E7A4F7556}") = "Logging", "Logging\Logging.csproj", "{20E850B8-FFA4-48CE-9EE7-7F71297034A8}"
EndProject
Project("{9A19103F-16F7-4668-BE54-9A1E7A4F7556}") = "CustomServer", "CustomServer\CustomServer.csproj", "{E61B67AC-3A45-46C6-83B4-0E3A8AE4D747}"
EndProject
Project("{9A19103F-16F7-4668-BE54-9A1E7A4F7556}") = "Pipeline", "Pipeline\Pipeline.csproj", "{6BDDA265-2C0D-4D80-8C05-6ABA4CEA149E}"
EndProject
Global
	GlobalSection(SolutionConfigurationPlatforms) = preSolution
		Debug|Any CPU = Debug|Any CPU
		Release|Any CPU = Release|Any CPU
	EndGlobalSection
	GlobalSection(ProjectConfigurationPlatforms) = postSolution
		{929163E3-998D-49A2-AB53-4AD5F72A63E3}.Debug|Any CPU.ActiveCfg = Debug|Any CPU
		{929163E3-998D-49A2-AB53-4AD5F72A63E3}.Debug|Any CPU.Build.0 = Debug|Any CPU
		{929163E3-998D-49A2-AB53-4AD5F72A63E3}.Release|Any CPU.ActiveCfg = Release|Any CPU
		{929163E3-998D-49A2-AB53-4AD5F72A63E3}.Release|Any CPU.Build.0 = Release|Any CPU
		{E0E159D8-2973-4878-B801-24A1E51B0406}.Debug|Any CPU.ActiveCfg = Debug|Any CPU
		{E0E159D8-2973-4878-B801-24A1E51B0406}.Debug|Any CPU.Build.0 = Debug|Any CPU
		{E0E159D8-2973-4878-B801-24A1E51B0406}.Release|Any CPU.ActiveCfg = Release|Any CPU
		{E0E159D8-2973-4878-B801-24A1E51B0406}.Release|Any CPU.Build.0 = Release|Any CPU
		{7118BF99-2F12-4467-A331-20ECE3EE8117}.Debug|Any CPU.ActiveCfg = Debug|Any CPU
		{7118BF99-2F12-4467-A331-20ECE3EE8117}.Debug|Any CPU.Build.0 = Debug|Any CPU
		{7118BF99-2F12-4467-A331-20ECE3EE8117}.Release|Any CPU.ActiveCfg = Release|Any CPU
		{7118BF99-2F12-4467-A331-20ECE3EE8117}.Release|Any CPU.Build.0 = Release|Any CPU
		{B956C47C-47D4-411E-8D6F-585E84A7C103}.Debug|Any CPU.ActiveCfg = Debug|Any CPU
		{B956C47C-47D4-411E-8D6F-585E84A7C103}.Debug|Any CPU.Build.0 = Debug|Any CPU
		{B956C47C-47D4-411E-8D6F-585E84A7C103}.Release|Any CPU.ActiveCfg = Release|Any CPU
		{B956C47C-47D4-411E-8D6F-585E84A7C103}.Release|Any CPU.Build.0 = Release|Any CPU
		{78DA796A-7537-4EDB-9D80-593631AA19CF}.Debug|Any CPU.ActiveCfg = Debug|Any CPU
		{78DA796A-7537-4EDB-9D80-593631AA19CF}.Debug|Any CPU.Build.0 = Debug|Any CPU
		{78DA796A-7537-4EDB-9D80-593631AA19CF}.Release|Any CPU.ActiveCfg = Release|Any CPU
		{78DA796A-7537-4EDB-9D80-593631AA19CF}.Release|Any CPU.Build.0 = Release|Any CPU
		{808D30F6-79CD-4AFE-A338-0307237436C8}.Debug|Any CPU.ActiveCfg = Debug|Any CPU
		{808D30F6-79CD-4AFE-A338-0307237436C8}.Debug|Any CPU.Build.0 = Debug|Any CPU
		{808D30F6-79CD-4AFE-A338-0307237436C8}.Release|Any CPU.ActiveCfg = Release|Any CPU
		{808D30F6-79CD-4AFE-A338-0307237436C8}.Release|Any CPU.Build.0 = Release|Any CPU
		{AA26F9FD-F0BD-4A97-9F90-E7A0F14B198A}.Debug|Any CPU.ActiveCfg = Debug|Any CPU
		{AA26F9FD-F0BD-4A97-9F90-E7A0F14B198A}.Debug|Any CPU.Build.0 = Debug|Any CPU
		{AA26F9FD-F0BD-4A97-9F90-E7A0F14B198A}.Release|Any CPU.ActiveCfg = Release|Any CPU
		{AA26F9FD-F0BD-4A97-9F90-E7A0F14B198A}.Release|Any CPU.Build.0 = Release|Any CPU
		{4B8464A2-4066-477F-82E5-B3C5E923E377}.Debug|Any CPU.ActiveCfg = Debug|Any CPU
		{4B8464A2-4066-477F-82E5-B3C5E923E377}.Debug|Any CPU.Build.0 = Debug|Any CPU
		{4B8464A2-4066-477F-82E5-B3C5E923E377}.Release|Any CPU.ActiveCfg = Release|Any CPU
		{4B8464A2-4066-477F-82E5-B3C5E923E377}.Release|Any CPU.Build.0 = Release|Any CPU
		{6C64E872-78AC-4F2F-9D3F-F9C50D75C1DB}.Debug|Any CPU.ActiveCfg = Debug|Any CPU
		{6C64E872-78AC-4F2F-9D3F-F9C50D75C1DB}.Debug|Any CPU.Build.0 = Debug|Any CPU
		{6C64E872-78AC-4F2F-9D3F-F9C50D75C1DB}.Release|Any CPU.ActiveCfg = Release|Any CPU
		{6C64E872-78AC-4F2F-9D3F-F9C50D75C1DB}.Release|Any CPU.Build.0 = Release|Any CPU
		{F1AB79DC-2A8C-4157-9174-3D15D69B6179}.Debug|Any CPU.ActiveCfg = Debug|Any CPU
		{F1AB79DC-2A8C-4157-9174-3D15D69B6179}.Debug|Any CPU.Build.0 = Debug|Any CPU
		{F1AB79DC-2A8C-4157-9174-3D15D69B6179}.Release|Any CPU.ActiveCfg = Release|Any CPU
		{F1AB79DC-2A8C-4157-9174-3D15D69B6179}.Release|Any CPU.Build.0 = Release|Any CPU
		{8F457591-D9D0-4170-8D11-5A565F6242A4}.Debug|Any CPU.ActiveCfg = Debug|Any CPU
		{8F457591-D9D0-4170-8D11-5A565F6242A4}.Debug|Any CPU.Build.0 = Debug|Any CPU
		{8F457591-D9D0-4170-8D11-5A565F6242A4}.Release|Any CPU.ActiveCfg = Release|Any CPU
		{8F457591-D9D0-4170-8D11-5A565F6242A4}.Release|Any CPU.Build.0 = Release|Any CPU
		{9419E388-0A05-4575-AA9D-207213A7862A}.Debug|Any CPU.ActiveCfg = Debug|Any CPU
		{9419E388-0A05-4575-AA9D-207213A7862A}.Debug|Any CPU.Build.0 = Debug|Any CPU
		{9419E388-0A05-4575-AA9D-207213A7862A}.Release|Any CPU.ActiveCfg = Release|Any CPU
		{9419E388-0A05-4575-AA9D-207213A7862A}.Release|Any CPU.Build.0 = Release|Any CPU
		{96811234-F787-425E-9C93-09B5CBB8C589}.Debug|Any CPU.ActiveCfg = Debug|Any CPU
		{96811234-F787-425E-9C93-09B5CBB8C589}.Debug|Any CPU.Build.0 = Debug|Any CPU
		{96811234-F787-425E-9C93-09B5CBB8C589}.Release|Any CPU.ActiveCfg = Release|Any CPU
		{96811234-F787-425E-9C93-09B5CBB8C589}.Release|Any CPU.Build.0 = Release|Any CPU
		{370138F9-B61D-4FD1-9EF4-3E2061F10DFA}.Debug|Any CPU.ActiveCfg = Debug|Any CPU
		{370138F9-B61D-4FD1-9EF4-3E2061F10DFA}.Debug|Any CPU.Build.0 = Debug|Any CPU
		{370138F9-B61D-4FD1-9EF4-3E2061F10DFA}.Release|Any CPU.ActiveCfg = Release|Any CPU
		{370138F9-B61D-4FD1-9EF4-3E2061F10DFA}.Release|Any CPU.Build.0 = Release|Any CPU
		{20E850B8-FFA4-48CE-9EE7-7F71297034A8}.Debug|Any CPU.ActiveCfg = Debug|Any CPU
		{20E850B8-FFA4-48CE-9EE7-7F71297034A8}.Debug|Any CPU.Build.0 = Debug|Any CPU
		{20E850B8-FFA4-48CE-9EE7-7F71297034A8}.Release|Any CPU.ActiveCfg = Release|Any CPU
		{20E850B8-FFA4-48CE-9EE7-7F71297034A8}.Release|Any CPU.Build.0 = Release|Any CPU
		{E61B67AC-3A45-46C6-83B4-0E3A8AE4D747}.Debug|Any CPU.ActiveCfg = Debug|Any CPU
		{E61B67AC-3A45-46C6-83B4-0E3A8AE4D747}.Debug|Any CPU.Build.0 = Debug|Any CPU
		{E61B67AC-3A45-46C6-83B4-0E3A8AE4D747}.Release|Any CPU.ActiveCfg = Release|Any CPU
		{E61B67AC-3A45-46C6-83B4-0E3A8AE4D747}.Release|Any CPU.Build.0 = Release|Any CPU
		{6BDDA265-2C0D-4D80-8C05-6ABA4CEA149E}.Debug|Any CPU.ActiveCfg = Debug|Any CPU
		{6BDDA265-2C0D-4D80-8C05-6ABA4CEA149E}.Debug|Any CPU.Build.0 = Debug|Any CPU
		{6BDDA265-2C0D-4D80-8C05-6ABA4CEA149E}.Release|Any CPU.ActiveCfg = Release|Any CPU
		{6BDDA265-2C0D-4D80-8C05-6ABA4CEA149E}.Release|Any CPU.Build.0 = Release|Any CPU
	EndGlobalSection
	GlobalSection(SolutionProperties) = preSolution
		HideSolutionNode = FALSE
	EndGlobalSection
	GlobalSection(NestedProjects) = preSolution
		{929163E3-998D-49A2-AB53-4AD5F72A63E3} = {125C9916-0C07-423B-B9B2-5640F0AF3905}
		{125C9916-0C07-423B-B9B2-5640F0AF3905} = {B1F54754-0382-46B7-B01A-2FE79A5E048B}
		{78FA6248-BCCA-45DF-8F42-92EA63E0B775} = {B1F54754-0382-46B7-B01A-2FE79A5E048B}
		{E0E159D8-2973-4878-B801-24A1E51B0406} = {125C9916-0C07-423B-B9B2-5640F0AF3905}
		{7118BF99-2F12-4467-A331-20ECE3EE8117} = {78FA6248-BCCA-45DF-8F42-92EA63E0B775}
		{B956C47C-47D4-411E-8D6F-585E84A7C103} = {125C9916-0C07-423B-B9B2-5640F0AF3905}
		{78DA796A-7537-4EDB-9D80-593631AA19CF} = {78FA6248-BCCA-45DF-8F42-92EA63E0B775}
		{311B1EA8-5E72-433A-8F2E-07A9AD4C365A} = {B1F54754-0382-46B7-B01A-2FE79A5E048B}
		{CA35F2B9-55AF-4878-976A-029B1EE3F7AF} = {C97B52DD-F476-4B53-BBD9-BF870543036D}
		{808D30F6-79CD-4AFE-A338-0307237436C8} = {C5F992A3-C302-48D6-8B2C-0DF5B4420AC1}
		{AA26F9FD-F0BD-4A97-9F90-E7A0F14B198A} = {C5F992A3-C302-48D6-8B2C-0DF5B4420AC1}
		{4B8464A2-4066-477F-82E5-B3C5E923E377} = {C5F992A3-C302-48D6-8B2C-0DF5B4420AC1}
		{C5F992A3-C302-48D6-8B2C-0DF5B4420AC1} = {CA35F2B9-55AF-4878-976A-029B1EE3F7AF}
		{DF4C691C-EAB5-4095-BFFD-BDADD1092DDD} = {CA35F2B9-55AF-4878-976A-029B1EE3F7AF}
		{6C64E872-78AC-4F2F-9D3F-F9C50D75C1DB} = {DF4C691C-EAB5-4095-BFFD-BDADD1092DDD}
		{F1AB79DC-2A8C-4157-9174-3D15D69B6179} = {DF4C691C-EAB5-4095-BFFD-BDADD1092DDD}
		{01AA1C7D-9973-4D56-8A6A-D44A27AC2B27} = {C97B52DD-F476-4B53-BBD9-BF870543036D}
		{2DDA0C19-E3D1-4D92-8C4F-C7228E06DF7E} = {C97B52DD-F476-4B53-BBD9-BF870543036D}
		{96441740-D333-42DC-A4A1-2E2DB976BCD5} = {C97B52DD-F476-4B53-BBD9-BF870543036D}
		{8F457591-D9D0-4170-8D11-5A565F6242A4} = {01AA1C7D-9973-4D56-8A6A-D44A27AC2B27}
		{9419E388-0A05-4575-AA9D-207213A7862A} = {2DDA0C19-E3D1-4D92-8C4F-C7228E06DF7E}
		{96811234-F787-425E-9C93-09B5CBB8C589} = {96441740-D333-42DC-A4A1-2E2DB976BCD5}
		{AD0DEA35-38DB-42EA-9B5F-61358254F432} = {B1F54754-0382-46B7-B01A-2FE79A5E048B}
		{370138F9-B61D-4FD1-9EF4-3E2061F10DFA} = {AD0DEA35-38DB-42EA-9B5F-61358254F432}
		{20E850B8-FFA4-48CE-9EE7-7F71297034A8} = {AD0DEA35-38DB-42EA-9B5F-61358254F432}
		{E61B67AC-3A45-46C6-83B4-0E3A8AE4D747} = {AD0DEA35-38DB-42EA-9B5F-61358254F432}
		{6BDDA265-2C0D-4D80-8C05-6ABA4CEA149E} = {AD0DEA35-38DB-42EA-9B5F-61358254F432}
	EndGlobalSection
	GlobalSection(ExtensibilityGlobals) = postSolution
		SolutionGuid = {23121AD0-ED74-4959-B528-A7A2E4242447}
	EndGlobalSection
EndGlobal
